# Code generated by scarb DO NOT EDIT.
version = 1

[[package]]
name = "alexandria_storage"
version = "0.3.0"
source = "git+https://github.com/keep-starknet-strange/alexandria.git#ef87b6504d8d07c3590339bff054dd7133e43124"

[[package]]
name = "erc404"
version = "1.0.0"
dependencies = [
 "alexandria_storage",
 "openzeppelin",
]

[[package]]
name = "openzeppelin"
version = "0.9.0"
source = "git+https://github.com/OpenZeppelin/cairo-contracts.git#44b5259ca316c4a7931e8ca77699bb3c00c70a54"
